
Microsoft Visual Studio Solution File, Format Version 12.00
# Visual Studio Version 17
VisualStudioVersion = 17.5.33502.453
MinimumVisualStudioVersion = 10.0.40219.1
Project("{FAE04EC0-301F-11D3-BF4B-00C04F79EFBC}") = "task3", "task3\task3.csproj", "{82489153-4DE2-4EB0-A1BF-05D51AD20FBB}"
EndProject
Global
	GlobalSection(SolutionConfigurationPlatforms) = preSolution
		Debug|Any CPU = Debug|Any CPU
		Release|Any CPU = Release|Any CPU
	EndGlobalSection
	GlobalSection(ProjectConfigurationPlatforms) = postSolution
		{82489153-4DE2-4EB0-A1BF-05D51AD20FBB}.Debug|Any CPU.ActiveCfg = Debug|Any CPU
		{82489153-4DE2-4EB0-A1BF-05D51AD20FBB}.Debug|Any CPU.Build.0 = Debug|Any CPU
		{82489153-4DE2-4EB0-A1BF-05D51AD20FBB}.Release|Any CPU.ActiveCfg = Release|Any CPU
		{82489153-4DE2-4EB0-A1BF-05D51AD20FBB}.Release|Any CPU.Build.0 = Release|Any CPU
	EndGlobalSection
	GlobalSection(SolutionProperties) = preSolution
		HideSolutionNode = FALSE
	EndGlobalSection
	GlobalSection(ExtensibilityGlobals) = postSolution
		SolutionGuid = {3FAC13BD-025B-4C42-9035-B080A08EA2E2}
	EndGlobalSection
EndGlobal
